// !$*UTF8*$!
{
	archiveVersion = 1;
	classes = {
	};
	objectVersion = 77;
	objects = {

/* Begin PBXBuildFile section */
		A5C1000000000000000000C4 /* GRDB in Frameworks */ = {isa = PBXBuildFile; productRef = A5C1000000000000000000C6 /* GRDB */; };
/* End PBXBuildFile section */

/* Begin PBXFileReference section */
		A5C1000000000000000000A1 /* AmbientScreenIntelligence.app */ = {isa = PBXFileReference; explicitFileType = wrapper.application; includeInIndex = 0; path = AmbientScreenIntelligence.app; sourceTree = BUILT_PRODUCTS_DIR; };
		A5C1000000000000000000A2 /* Info.plist */ = {isa = PBXFileReference; lastKnownFileType = text.plist.xml; path = Info.plist; sourceTree = "<group>"; };
		A5C1000000000000000000A3 /* AmbientScreenIntelligence.entitlements */ = {isa = PBXFileReference; lastKnownFileType = text.plist.entitlements; path = AmbientScreenIntelligence.entitlements; sourceTree = "<group>"; };
		A5C1000000000000000000A4 /* README.md */ = {isa = PBXFileReference; lastKnownFileType = net.daringfireball.markdown; path = README.md; sourceTree = "<group>"; };
		A5C1000000000000000000A5 /* Package.swift */ = {isa = PBXFileReference; lastKnownFileType = sourcecode.swift; path = Package.swift; sourceTree = "<group>"; };
/* End PBXFileReference section */

/* Begin PBXFileSystemSynchronizedRootGroup section */
		A5C1000000000000000000B1 /* AmbientCore */ = {isa = PBXFileSystemSynchronizedRootGroup; path = AmbientCore; sourceTree = "<group>"; };
		A5C1000000000000000000B2 /* AmbientApp */ = {isa = PBXFileSystemSynchronizedRootGroup; path = AmbientApp; sourceTree = "<group>"; };
		A5C1000000000000000000B3 /* AmbientStore */ = {isa = PBXFileSystemSynchronizedRootGroup; path = AmbientStore; sourceTree = "<group>"; };
/* End PBXFileSystemSynchronizedRootGroup section */

/* Begin PBXFrameworksBuildPhase section */
		A5C1000000000000000000C1 /* Frameworks */ = {
			isa = PBXFrameworksBuildPhase;
			buildActionMask = 2147483647;
			files = (
				A5C1000000000000000000C4 /* GRDB in Frameworks */,
			);
			runOnlyForDeploymentPostprocessing = 0;
		};
/* End PBXFrameworksBuildPhase section */

/* Begin PBXGroup section */
		A5C1000000000000000000D1 = {
			isa = PBXGroup;
			children = (
				A5C1000000000000000000A4 /* README.md */,
				A5C1000000000000000000A5 /* Package.swift */,
				A5C1000000000000000000D3 /* Sources */,
				A5C1000000000000000000D4 /* Config */,
				A5C1000000000000000000D2 /* Products */,
			);
			sourceTree = "<group>";
		};
		A5C1000000000000000000D2 /* Products */ = {
			isa = PBXGroup;
			children = (
				A5C1000000000000000000A1 /* AmbientScreenIntelligence.app */,
			);
			name = Products;
			sourceTree = "<group>";
		};
		A5C1000000000000000000D3 /* Sources */ = {
			isa = PBXGroup;
			children = (
				A5C1000000000000000000B2 /* AmbientApp */,
				A5C1000000000000000000B1 /* AmbientCore */,
				A5C1000000000000000000B3 /* AmbientStore */,
			);
			path = Sources;
			sourceTree = "<group>";
		};
		A5C1000000000000000000D4 /* Config */ = {
			isa = PBXGroup;
			children = (
				A5C1000000000000000000A2 /* Info.plist */,
				A5C1000000000000000000A3 /* AmbientScreenIntelligence.entitlements */,
			);
			path = Config;
			sourceTree = "<group>";
		};
/* End PBXGroup section */

/* Begin PBXNativeTarget section */
		A5C1000000000000000000E1 /* AmbientScreenIntelligence */ = {
			isa = PBXNativeTarget;
			buildConfigurationList = A5C1000000000000000000F3 /* Build configuration list for PBXNativeTarget "AmbientScreenIntelligence" */;
			buildPhases = (
				A5C1000000000000000000C2 /* Sources */,
				A5C1000000000000000000C1 /* Frameworks */,
				A5C1000000000000000000C3 /* Resources */,
			);
			buildRules = (
			);
			dependencies = (
			);
			fileSystemSynchronizedGroups = (
				A5C1000000000000000000B1 /* AmbientCore */,
				A5C1000000000000000000B2 /* AmbientApp */,
				A5C1000000000000000000B3 /* AmbientStore */,
			);
			name = AmbientScreenIntelligence;
			packageProductDependencies = (
				A5C1000000000000000000C6 /* GRDB */,
			);
			productName = AmbientScreenIntelligence;
			productReference = A5C1000000000000000000A1 /* AmbientScreenIntelligence.app */;
			productType = "com.apple.product-type.application";
		};
/* End PBXNativeTarget section */

/* Begin PBXProject section */
		A5C1000000000000000000E2 /* Project object */ = {
			isa = PBXProject;
			attributes = {
				BuildIndependentTargetsInParallel = 1;
				LastSwiftUpdateCheck = 1600;
				LastUpgradeCheck = 1600;
				TargetAttributes = {
					A5C1000000000000000000E1 = {
						CreatedOnToolsVersion = 16.0;
					};
				};
			};
			buildConfigurationList = A5C1000000000000000000F4 /* Build configuration list for PBXProject "AmbientScreenIntelligence" */;
			developmentRegion = en;
			hasScannedForEncodings = 0;
			knownRegions = (
				en,
				Base,
				ja,
			);
			mainGroup = A5C1000000000000000000D1;
			minimizedProjectReferenceProxies = 1;
			packageReferences = (
				A5C1000000000000000000C5 /* XCRemoteSwiftPackageReference "GRDB.swift" */,
			);
			preferredProjectObjectVersion = 77;
			productRefGroup = A5C1000000000000000000D2 /* Products */;
			projectDirPath = "";
			projectRoot = "";
			targets = (
				A5C1000000000000000000E1 /* AmbientScreenIntelligence */,
			);
		};
/* End PBXProject section */

/* Begin PBXResourcesBuildPhase section */
		A5C1000000000000000000C3 /* Resources */ = {
			isa = PBXResourcesBuildPhase;
			buildActionMask = 2147483647;
			files = (
			);
			runOnlyForDeploymentPostprocessing = 0;
		};
/* End PBXResourcesBuildPhase section */

/* Begin PBXSourcesBuildPhase section */
		A5C1000000000000000000C2 /* Sources */ = {
			isa = PBXSourcesBuildPhase;
			buildActionMask = 2147483647;
			files = (
			);
			runOnlyForDeploymentPostprocessing = 0;
		};
/* End PBXSourcesBuildPhase section */

/* Begin XCBuildConfiguration section */
		A5C1000000000000000000F5 /* Debug */ = {
			isa = XCBuildConfiguration;
			buildSettings = {
				ALWAYS_SEARCH_USER_PATHS = NO;
				ASSETCATALOG_COMPILER_GENERATE_SWIFT_ASSET_SYMBOL_EXTENSIONS = YES;
				CLANG_ANALYZER_NONNULL = YES;
				CLANG_ENABLE_MODULES = YES;
				CLANG_ENABLE_OBJC_ARC = YES;
				COPY_PHASE_STRIP = NO;
				DEBUG_INFORMATION_FORMAT = dwarf;
				ENABLE_STRICT_OBJC_MSGSEND = YES;
				ENABLE_TESTABILITY = YES;
				ENABLE_USER_SCRIPT_SANDBOXING = YES;
				GCC_C_LANGUAGE_STANDARD = gnu17;
				GCC_DYNAMIC_NO_PIC = NO;
				GCC_NO_COMMON_BLOCKS = YES;
				GCC_OPTIMIZATION_LEVEL = 0;
				GCC_PREPROCESSOR_DEFINITIONS = (
					"DEBUG=1",
					"$(inherited)",
				);
				LOCALIZATION_PREFERS_STRING_CATALOGS = YES;
				MACOSX_DEPLOYMENT_TARGET = 15.0;
				MTL_ENABLE_DEBUG_INFO = INCLUDE_SOURCE;
				ONLY_ACTIVE_ARCH = YES;
				SDKROOT = macosx;
				SWIFT_ACTIVE_COMPILATION_CONDITIONS = "DEBUG $(inherited)";
				SWIFT_OPTIMIZATION_LEVEL = "-Onone";
			};
			name = Debug;
		};
		A5C1000000000000000000F6 /* Release */ = {
			isa = XCBuildConfiguration;
			buildSettings = {
				ALWAYS_SEARCH_USER_PATHS = NO;
				ASSETCATALOG_COMPILER_GENERATE_SWIFT_ASSET_SYMBOL_EXTENSIONS = YES;
				CLANG_ANALYZER_NONNULL = YES;
				CLANG_ENABLE_MODULES = YES;
				CLANG_ENABLE_OBJC_ARC = YES;
				COPY_PHASE_STRIP = NO;
				DEBUG_INFORMATION_FORMAT = "dwarf-with-dsym";
				ENABLE_NS_ASSERTIONS = NO;
				ENABLE_STRICT_OBJC_MSGSEND = YES;
				ENABLE_USER_SCRIPT_SANDBOXING = YES;
				GCC_C_LANGUAGE_STANDARD = gnu17;
				GCC_NO_COMMON_BLOCKS = YES;
				LOCALIZATION_PREFERS_STRING_CATALOGS = YES;
				MACOSX_DEPLOYMENT_TARGET = 15.0;
				MTL_ENABLE_DEBUG_INFO = NO;
				SDKROOT = macosx;
				SWIFT_COMPILATION_MODE = wholemodule;
			};
			name = Release;
		};
		A5C1000000000000000000F7 /* Debug */ = {
			isa = XCBuildConfiguration;
			buildSettings = {
				CODE_SIGN_ENTITLEMENTS = Config/AmbientScreenIntelligence.entitlements;
				CODE_SIGN_IDENTITY = "-";
				CODE_SIGN_STYLE = Automatic;
				COMBINE_HIDPI_IMAGES = YES;
				CURRENT_PROJECT_VERSION = 1;
				DEVELOPMENT_TEAM = "";
				ENABLE_APP_SANDBOX = YES;
				ENABLE_HARDENED_RUNTIME = YES;
				GENERATE_INFOPLIST_FILE = NO;
				INFOPLIST_FILE = Config/Info.plist;
				LD_RUNPATH_SEARCH_PATHS = (
					"$(inherited)",
					"@executable_path/../Frameworks",
				);
				MARKETING_VERSION = 0.1.0;
				PRODUCT_BUNDLE_IDENTIFIER = com.onishi.AmbientScreenIntelligence;
				PRODUCT_NAME = "$(TARGET_NAME)";
				SWIFT_EMIT_LOC_STRINGS = YES;
				SWIFT_VERSION = 5.0;
			};
			name = Debug;
		};
		A5C1000000000000000000F8 /* Release */ = {
			isa = XCBuildConfiguration;
			buildSettings = {
				CODE_SIGN_ENTITLEMENTS = Config/AmbientScreenIntelligence.entitlements;
				CODE_SIGN_IDENTITY = "-";
				CODE_SIGN_STYLE = Automatic;
				COMBINE_HIDPI_IMAGES = YES;
				CURRENT_PROJECT_VERSION = 1;
				DEVELOPMENT_TEAM = "";
				ENABLE_APP_SANDBOX = YES;
				ENABLE_HARDENED_RUNTIME = YES;
				GENERATE_INFOPLIST_FILE = NO;
				INFOPLIST_FILE = Config/Info.plist;
				LD_RUNPATH_SEARCH_PATHS = (
					"$(inherited)",
					"@executable_path/../Frameworks",
				);
				MARKETING_VERSION = 0.1.0;
				PRODUCT_BUNDLE_IDENTIFIER = com.onishi.AmbientScreenIntelligence;
				PRODUCT_NAME = "$(TARGET_NAME)";
				SWIFT_EMIT_LOC_STRINGS = YES;
				SWIFT_VERSION = 5.0;
			};
			name = Release;
		};
/* End XCBuildConfiguration section */

/* Begin XCConfigurationList section */
		A5C1000000000000000000F3 /* Build configuration list for PBXNativeTarget "AmbientScreenIntelligence" */ = {
			isa = XCConfigurationList;
			buildConfigurations = (
				A5C1000000000000000000F7 /* Debug */,
				A5C1000000000000000000F8 /* Release */,
			);
			defaultConfigurationIsVisible = 0;
			defaultConfigurationName = Release;
		};
		A5C1000000000000000000F4 /* Build configuration list for PBXProject "AmbientScreenIntelligence" */ = {
			isa = XCConfigurationList;
			buildConfigurations = (
				A5C1000000000000000000F5 /* Debug */,
				A5C1000000000000000000F6 /* Release */,
			);
			defaultConfigurationIsVisible = 0;
			defaultConfigurationName = Release;
		};
/* End XCConfigurationList section */

/* Begin XCRemoteSwiftPackageReference section */
		A5C1000000000000000000C5 /* XCRemoteSwiftPackageReference "GRDB.swift" */ = {
			isa = XCRemoteSwiftPackageReference;
			repositoryURL = "https://github.com/groue/GRDB.swift.git";
			requirement = {
				kind = upToNextMajorVersion;
				minimumVersion = 7.0.0;
			};
		};
/* End XCRemoteSwiftPackageReference section */

/* Begin XCSwiftPackageProductDependency section */
		A5C1000000000000000000C6 /* GRDB */ = {
			isa = XCSwiftPackageProductDependency;
			package = A5C1000000000000000000C5 /* XCRemoteSwiftPackageReference "GRDB.swift" */;
			productName = GRDB;
		};
/* End XCSwiftPackageProductDependency section */
	};
	rootObject = A5C1000000000000000000E2 /* Project object */;
}
